
Microsoft Visual Studio Solution File, Format Version 12.00
# Visual Studio 14
VisualStudioVersion = 14.0.25123.0
MinimumVisualStudioVersion = 10.0.40219.1
Project("{FAE04EC0-301F-11D3-BF4B-00C04F79EFBC}") = "OffTheRecord", "OffTheRecord\OffTheRecord.csproj", "{FC9B90BD-6C71-4189-AB0E-493FD103A561}"
EndProject
Global
	GlobalSection(SolutionConfigurationPlatforms) = preSolution
		Debug|Any CPU = Debug|Any CPU
		Release|Any CPU = Release|Any CPU
	EndGlobalSection
	GlobalSection(ProjectConfigurationPlatforms) = postSolution
		{FC9B90BD-6C71-4189-AB0E-493FD103A561}.Debug|Any CPU.ActiveCfg = Debug|Any CPU
		{FC9B90BD-6C71-4189-AB0E-493FD103A561}.Debug|Any CPU.Build.0 = Debug|Any CPU
		{FC9B90BD-6C71-4189-AB0E-493FD103A561}.Release|Any CPU.ActiveCfg = Release|Any CPU
		{FC9B90BD-6C71-4189-AB0E-493FD103A561}.Release|Any CPU.Build.0 = Release|Any CPU
	EndGlobalSection
	GlobalSection(SolutionProperties) = preSolution
		HideSolutionNode = FALSE
	EndGlobalSection
EndGlobal
